
Microsoft Visual Studio Solution File, Format Version 12.00
# Visual Studio Version 17
VisualStudioVersion = 17.9.34902.65
MinimumVisualStudioVersion = 10.0.40219.1
Project("{FAE04EC0-301F-11D3-BF4B-00C04F79EFBC}") = "Final Inspection Machine v3.0", "Final Inspection Machine v3.0\Final Inspection Machine v3.0.csproj", "{DC21BF86-2AC4-4ACC-951B-AC8286AADC4D}"
EndProject
Global
	GlobalSection(SolutionConfigurationPlatforms) = preSolution
		Debug|Any CPU = Debug|Any CPU
		Debug|x64 = Debug|x64
		Release|Any CPU = Release|Any CPU
		Release|x64 = Release|x64
	EndGlobalSection
	GlobalSection(ProjectConfigurationPlatforms) = postSolution
		{DC21BF86-2AC4-4ACC-951B-AC8286AADC4D}.Debug|Any CPU.ActiveCfg = Release|Any CPU
		{DC21BF86-2AC4-4ACC-951B-AC8286AADC4D}.Debug|Any CPU.Build.0 = Release|Any CPU
		{DC21BF86-2AC4-4ACC-951B-AC8286AADC4D}.Debug|x64.ActiveCfg = Debug|x64
		{DC21BF86-2AC4-4ACC-951B-AC8286AADC4D}.Debug|x64.Build.0 = Debug|x64
		{DC21BF86-2AC4-4ACC-951B-AC8286AADC4D}.Release|Any CPU.ActiveCfg = Release|Any CPU
		{DC21BF86-2AC4-4ACC-951B-AC8286AADC4D}.Release|Any CPU.Build.0 = Release|Any CPU
		{DC21BF86-2AC4-4ACC-951B-AC8286AADC4D}.Release|x64.ActiveCfg = Release|x64
		{DC21BF86-2AC4-4ACC-951B-AC8286AADC4D}.Release|x64.Build.0 = Release|x64
	EndGlobalSection
	GlobalSection(SolutionProperties) = preSolution
		HideSolutionNode = FALSE
	EndGlobalSection
	GlobalSection(ExtensibilityGlobals) = postSolution
		SolutionGuid = {5923F300-D100-4670-9183-326E45D72283}
	EndGlobalSection
EndGlobal
